// !$*UTF8*$!
{
	archiveVersion = 1;
	classes = {
	};
	objectVersion = 46;
	objects = {

/* Begin PBXBuildFile section */
		D6631B591BA018440005DAAE /* AVFoundation.framework in Frameworks */ = {isa = PBXBuildFile; fileRef = D6631B581BA018440005DAAE /* AVFoundation.framework */; };
		D6631B5B1BA0184A0005DAAE /* CoreVideo.framework in Frameworks */ = {isa = PBXBuildFile; fileRef = D6631B5A1BA0184A0005DAAE /* CoreVideo.framework */; };
		D6631B5D1BA018510005DAAE /* CoreAudio.framework in Frameworks */ = {isa = PBXBuildFile; fileRef = D6631B5C1BA018510005DAAE /* CoreAudio.framework */; };
		D6631B5F1BA018580005DAAE /* OpenGLES.framework in Frameworks */ = {isa = PBXBuildFile; fileRef = D6631B5E1BA018580005DAAE /* OpenGLES.framework */; };
		D6631B611BA018600005DAAE /* MobileCoreServices.framework in Frameworks */ = {isa = PBXBuildFile; fileRef = D6631B601BA018600005DAAE /* MobileCoreServices.framework */; };
		D6631B641BA01B860005DAAE /* SJPlayerView.m in Sources */ = {isa = PBXBuildFile; fileRef = D6631B631BA01B860005DAAE /* SJPlayerView.m */; };
		D6631B681BA052EF0005DAAE /* Shader.fsh in Resources */ = {isa = PBXBuildFile; fileRef = D6631B661BA052EF0005DAAE /* Shader.fsh */; };
		D6631B691BA052EF0005DAAE /* Shader.vsh in Resources */ = {isa = PBXBuildFile; fileRef = D6631B671BA052EF0005DAAE /* Shader.vsh */; };
		D6631B6C1BA136250005DAAE /* testViewController.m in Sources */ = {isa = PBXBuildFile; fileRef = D6631B6B1BA136250005DAAE /* testViewController.m */; };
		D6C61A701B9E7FE500E720F2 /* main.m in Sources */ = {isa = PBXBuildFile; fileRef = D6C61A6F1B9E7FE500E720F2 /* main.m */; };
		D6C61A731B9E7FE500E720F2 /* AppDelegate.m in Sources */ = {isa = PBXBuildFile; fileRef = D6C61A721B9E7FE500E720F2 /* AppDelegate.m */; };
		D6C61A761B9E7FE500E720F2 /* ViewController.m in Sources */ = {isa = PBXBuildFile; fileRef = D6C61A751B9E7FE500E720F2 /* ViewController.m */; };
		D6C61A791B9E7FE500E720F2 /* Main.storyboard in Resources */ = {isa = PBXBuildFile; fileRef = D6C61A771B9E7FE500E720F2 /* Main.storyboard */; };
		D6C61A7B1B9E7FE500E720F2 /* Assets.xcassets in Resources */ = {isa = PBXBuildFile; fileRef = D6C61A7A1B9E7FE500E720F2 /* Assets.xcassets */; };
/* End PBXBuildFile section */

/* Begin PBXFileReference section */
		D6631B581BA018440005DAAE /* AVFoundation.framework */ = {isa = PBXFileReference; lastKnownFileType = wrapper.framework; name = AVFoundation.framework; path = System/Library/Frameworks/AVFoundation.framework; sourceTree = SDKROOT; };
		D6631B5A1BA0184A0005DAAE /* CoreVideo.framework */ = {isa = PBXFileReference; lastKnownFileType = wrapper.framework; name = CoreVideo.framework; path = System/Library/Frameworks/CoreVideo.framework; sourceTree = SDKROOT; };
		D6631B5C1BA018510005DAAE /* CoreAudio.framework */ = {isa = PBXFileReference; lastKnownFileType = wrapper.framework; name = CoreAudio.framework; path = System/Library/Frameworks/CoreAudio.framework; sourceTree = SDKROOT; };
		D6631B5E1BA018580005DAAE /* OpenGLES.framework */ = {isa = PBXFileReference; lastKnownFileType = wrapper.framework; name = OpenGLES.framework; path = System/Library/Frameworks/OpenGLES.framework; sourceTree = SDKROOT; };
		D6631B601BA018600005DAAE /* MobileCoreServices.framework */ = {isa = PBXFileReference; lastKnownFileType = wrapper.framework; name = MobileCoreServices.framework; path = System/Library/Frameworks/MobileCoreServices.framework; sourceTree = SDKROOT; };
		D6631B621BA01B860005DAAE /* SJPlayerView.h */ = {isa = PBXFileReference; fileEncoding = 4; lastKnownFileType = sourcecode.c.h; path = SJPlayerView.h; sourceTree = "<group>"; };
		D6631B631BA01B860005DAAE /* SJPlayerView.m */ = {isa = PBXFileReference; fileEncoding = 4; lastKnownFileType = sourcecode.c.objc; path = SJPlayerView.m; sourceTree = "<group>"; };
		D6631B661BA052EF0005DAAE /* Shader.fsh */ = {isa = PBXFileReference; fileEncoding = 4; lastKnownFileType = sourcecode.glsl; path = Shader.fsh; sourceTree = "<group>"; };
		D6631B671BA052EF0005DAAE /* Shader.vsh */ = {isa = PBXFileReference; fileEncoding = 4; lastKnownFileType = sourcecode.glsl; path = Shader.vsh; sourceTree = "<group>"; };
		D6631B6A1BA136250005DAAE /* testViewController.h */ = {isa = PBXFileReference; fileEncoding = 4; lastKnownFileType = sourcecode.c.h; path = testViewController.h; sourceTree = "<group>"; };
		D6631B6B1BA136250005DAAE /* testViewController.m */ = {isa = PBXFileReference; fileEncoding = 4; lastKnownFileType = sourcecode.c.objc; path = testViewController.m; sourceTree = "<group>"; };
		D6C61A6B1B9E7FE500E720F2 /* OpenglVideo.app */ = {isa = PBXFileReference; explicitFileType = wrapper.application; includeInIndex = 0; path = OpenglVideo.app; sourceTree = BUILT_PRODUCTS_DIR; };
		D6C61A6F1B9E7FE500E720F2 /* main.m */ = {isa = PBXFileReference; lastKnownFileType = sourcecode.c.objc; path = main.m; sourceTree = "<group>"; };
		D6C61A711B9E7FE500E720F2 /* AppDelegate.h */ = {isa = PBXFileReference; lastKnownFileType = sourcecode.c.h; path = AppDelegate.h; sourceTree = "<group>"; };
		D6C61A721B9E7FE500E720F2 /* AppDelegate.m */ = {isa = PBXFileReference; lastKnownFileType = sourcecode.c.objc; path = AppDelegate.m; sourceTree = "<group>"; };
		D6C61A741B9E7FE500E720F2 /* ViewController.h */ = {isa = PBXFileReference; lastKnownFileType = sourcecode.c.h; path = ViewController.h; sourceTree = "<group>"; };
		D6C61A751B9E7FE500E720F2 /* ViewController.m */ = {isa = PBXFileReference; lastKnownFileType = sourcecode.c.objc; path = ViewController.m; sourceTree = "<group>"; };
		D6C61A781B9E7FE500E720F2 /* Base */ = {isa = PBXFileReference; lastKnownFileType = file.storyboard; name = Base; path = Base.lproj/Main.storyboard; sourceTree = "<group>"; };
		D6C61A7A1B9E7FE500E720F2 /* Assets.xcassets */ = {isa = PBXFileReference; lastKnownFileType = folder.assetcatalog; path = Assets.xcassets; sourceTree = "<group>"; };
		D6C61A7F1B9E7FE500E720F2 /* Info.plist */ = {isa = PBXFileReference; lastKnownFileType = text.plist.xml; path = Info.plist; sourceTree = "<group>"; };
/* End PBXFileReference section */

/* Begin PBXFrameworksBuildPhase section */
		D6C61A681B9E7FE500E720F2 /* Frameworks */ = {
			isa = PBXFrameworksBuildPhase;
			buildActionMask = 2147483647;
			files = (
				D6631B611BA018600005DAAE /* MobileCoreServices.framework in Frameworks */,
				D6631B5F1BA018580005DAAE /* OpenGLES.framework in Frameworks */,
				D6631B5D1BA018510005DAAE /* CoreAudio.framework in Frameworks */,
				D6631B5B1BA0184A0005DAAE /* CoreVideo.framework in Frameworks */,
				D6631B591BA018440005DAAE /* AVFoundation.framework in Frameworks */,
			);
			runOnlyForDeploymentPostprocessing = 0;
		};
/* End PBXFrameworksBuildPhase section */

/* Begin PBXGroup section */
		D6631B651BA052EF0005DAAE /* Shaders */ = {
			isa = PBXGroup;
			children = (
				D6631B671BA052EF0005DAAE /* Shader.vsh */,
				D6631B661BA052EF0005DAAE /* Shader.fsh */,
			);
			path = Shaders;
			sourceTree = "<group>";
		};
		D6C61A621B9E7FE500E720F2 = {
			isa = PBXGroup;
			children = (
				D6631B601BA018600005DAAE /* MobileCoreServices.framework */,
				D6631B5E1BA018580005DAAE /* OpenGLES.framework */,
				D6631B5C1BA018510005DAAE /* CoreAudio.framework */,
				D6631B5A1BA0184A0005DAAE /* CoreVideo.framework */,
				D6631B581BA018440005DAAE /* AVFoundation.framework */,
				D6C61A6D1B9E7FE500E720F2 /* OpenglVideo */,
				D6C61A6C1B9E7FE500E720F2 /* Products */,
			);
			sourceTree = "<group>";
		};
		D6C61A6C1B9E7FE500E720F2 /* Products */ = {
			isa = PBXGroup;
			children = (
				D6C61A6B1B9E7FE500E720F2 /* OpenglVideo.app */,
			);
			name = Products;
			sourceTree = "<group>";
		};
		D6C61A6D1B9E7FE500E720F2 /* OpenglVideo */ = {
			isa = PBXGroup;
			children = (
				D6C61A711B9E7FE500E720F2 /* AppDelegate.h */,
				D6C61A721B9E7FE500E720F2 /* AppDelegate.m */,
				D6C61A741B9E7FE500E720F2 /* ViewController.h */,
				D6C61A751B9E7FE500E720F2 /* ViewController.m */,
				D6631B621BA01B860005DAAE /* SJPlayerView.h */,
				D6631B631BA01B860005DAAE /* SJPlayerView.m */,
				D6C61A771B9E7FE500E720F2 /* Main.storyboard */,
				D6631B651BA052EF0005DAAE /* Shaders */,
				D6C61A7A1B9E7FE500E720F2 /* Assets.xcassets */,
				D6C61A7F1B9E7FE500E720F2 /* Info.plist */,
				D6C61A6E1B9E7FE500E720F2 /* Supporting Files */,
				D6631B6A1BA136250005DAAE /* testViewController.h */,
				D6631B6B1BA136250005DAAE /* testViewController.m */,
			);
			path = OpenglVideo;
			sourceTree = "<group>";
		};
		D6C61A6E1B9E7FE500E720F2 /* Supporting Files */ = {
			isa = PBXGroup;
			children = (
				D6C61A6F1B9E7FE500E720F2 /* main.m */,
			);
			name = "Supporting Files";
			sourceTree = "<group>";
		};
/* End PBXGroup section */

/* Begin PBXNativeTarget section */
		D6C61A6A1B9E7FE500E720F2 /* OpenglVideo */ = {
			isa = PBXNativeTarget;
			buildConfigurationList = D6C61A821B9E7FE500E720F2 /* Build configuration list for PBXNativeTarget "OpenglVideo" */;
			buildPhases = (
				D6C61A671B9E7FE500E720F2 /* Sources */,
				D6C61A681B9E7FE500E720F2 /* Frameworks */,
				D6C61A691B9E7FE500E720F2 /* Resources */,
			);
			buildRules = (
			);
			dependencies = (
			);
			name = OpenglVideo;
			productName = OpenglVideo;
			productReference = D6C61A6B1B9E7FE500E720F2 /* OpenglVideo.app */;
			productType = "com.apple.product-type.application";
		};
/* End PBXNativeTarget section */

/* Begin PBXProject section */
		D6C61A631B9E7FE500E720F2 /* Project object */ = {
			isa = PBXProject;
			attributes = {
				LastUpgradeCheck = 0700;
				ORGANIZATIONNAME = Lightning;
				TargetAttributes = {
					D6C61A6A1B9E7FE500E720F2 = {
						CreatedOnToolsVersion = 7.0;
					};
				};
			};
			buildConfigurationList = D6C61A661B9E7FE500E720F2 /* Build configuration list for PBXProject "OpenglVideo" */;
			compatibilityVersion = "Xcode 3.2";
			developmentRegion = English;
			hasScannedForEncodings = 0;
			knownRegions = (
				en,
				Base,
			);
			mainGroup = D6C61A621B9E7FE500E720F2;
			productRefGroup = D6C61A6C1B9E7FE500E720F2 /* Products */;
			projectDirPath = "";
			projectRoot = "";
			targets = (
				D6C61A6A1B9E7FE500E720F2 /* OpenglVideo */,
			);
		};
/* End PBXProject section */

/* Begin PBXResourcesBuildPhase section */
		D6C61A691B9E7FE500E720F2 /* Resources */ = {
			isa = PBXResourcesBuildPhase;
			buildActionMask = 2147483647;
			files = (
				D6631B691BA052EF0005DAAE /* Shader.vsh in Resources */,
				D6631B681BA052EF0005DAAE /* Shader.fsh in Resources */,
				D6C61A7B1B9E7FE500E720F2 /* Assets.xcassets in Resources */,
				D6C61A791B9E7FE500E720F2 /* Main.storyboard in Resources */,
			);
			runOnlyForDeploymentPostprocessing = 0;
		};
/* End PBXResourcesBuildPhase section */

/* Begin PBXSourcesBuildPhase section */
		D6C61A671B9E7FE500E720F2 /* Sources */ = {
			isa = PBXSourcesBuildPhase;
			buildActionMask = 2147483647;
			files = (
				D6C61A761B9E7FE500E720F2 /* ViewController.m in Sources */,
				D6C61A731B9E7FE500E720F2 /* AppDelegate.m in Sources */,
				D6631B641BA01B860005DAAE /* SJPlayerView.m in Sources */,
				D6C61A701B9E7FE500E720F2 /* main.m in Sources */,
				D6631B6C1BA136250005DAAE /* testViewController.m in Sources */,
			);
			runOnlyForDeploymentPostprocessing = 0;
		};
/* End PBXSourcesBuildPhase section */

/* Begin PBXVariantGroup section */
		D6C61A771B9E7FE500E720F2 /* Main.storyboard */ = {
			isa = PBXVariantGroup;
			children = (
				D6C61A781B9E7FE500E720F2 /* Base */,
			);
			name = Main.storyboard;
			sourceTree = "<group>";
		};
/* End PBXVariantGroup section */

/* Begin XCBuildConfiguration section */
		D6C61A801B9E7FE500E720F2 /* Debug */ = {
			isa = XCBuildConfiguration;
			buildSettings = {
				ALWAYS_SEARCH_USER_PATHS = NO;
				CLANG_CXX_LANGUAGE_STANDARD = "gnu++0x";
				CLANG_CXX_LIBRARY = "libc++";
				CLANG_ENABLE_MODULES = YES;
				CLANG_ENABLE_OBJC_ARC = YES;
				CLANG_WARN_BOOL_CONVERSION = YES;
				CLANG_WARN_CONSTANT_CONVERSION = YES;
				CLANG_WARN_DIRECT_OBJC_ISA_USAGE = YES_ERROR;
				CLANG_WARN_EMPTY_BODY = YES;
				CLANG_WARN_ENUM_CONVERSION = YES;
				CLANG_WARN_INT_CONVERSION = YES;
				CLANG_WARN_OBJC_ROOT_CLASS = YES_ERROR;
				CLANG_WARN_UNREACHABLE_CODE = YES;
				CLANG_WARN__DUPLICATE_METHOD_MATCH = YES;
				"CODE_SIGN_IDENTITY[sdk=iphoneos*]" = "iPhone Developer";
				COPY_PHASE_STRIP = NO;
				DEBUG_INFORMATION_FORMAT = dwarf;
				ENABLE_STRICT_OBJC_MSGSEND = YES;
				ENABLE_TESTABILITY = YES;
				GCC_C_LANGUAGE_STANDARD = gnu99;
				GCC_DYNAMIC_NO_PIC = NO;
				GCC_NO_COMMON_BLOCKS = YES;
				GCC_OPTIMIZATION_LEVEL = 0;
				GCC_PREPROCESSOR_DEFINITIONS = (
					"DEBUG=1",
					"$(inherited)",
				);
				GCC_WARN_64_TO_32_BIT_CONVERSION = YES;
				GCC_WARN_ABOUT_RETURN_TYPE = YES_ERROR;
				GCC_WARN_UNDECLARED_SELECTOR = YES;
				GCC_WARN_UNINITIALIZED_AUTOS = YES_AGGRESSIVE;
				GCC_WARN_UNUSED_FUNCTION = YES;
				GCC_WARN_UNUSED_VARIABLE = YES;
				IPHONEOS_DEPLOYMENT_TARGET = 9.0;
				MTL_ENABLE_DEBUG_INFO = YES;
				ONLY_ACTIVE_ARCH = YES;
				SDKROOT = iphoneos;
				TARGETED_DEVICE_FAMILY = "1,2";
			};
			name = Debug;
		};
		D6C61A811B9E7FE500E720F2 /* Release */ = {
			isa = XCBuildConfiguration;
			buildSettings = {
				ALWAYS_SEARCH_USER_PATHS = NO;
				CLANG_CXX_LANGUAGE_STANDARD = "gnu++0x";
				CLANG_CXX_LIBRARY = "libc++";
				CLANG_ENABLE_MODULES = YES;
				CLANG_ENABLE_OBJC_ARC = YES;
				CLANG_WARN_BOOL_CONVERSION = YES;
				CLANG_WARN_CONSTANT_CONVERSION = YES;
				CLANG_WARN_DIRECT_OBJC_ISA_USAGE = YES_ERROR;
				CLANG_WARN_EMPTY_BODY = YES;
				CLANG_WARN_ENUM_CONVERSION = YES;
				CLANG_WARN_INT_CONVERSION = YES;
				CLANG_WARN_OBJC_ROOT_CLASS = YES_ERROR;
				CLANG_WARN_UNREACHABLE_CODE = YES;
				CLANG_WARN__DUPLICATE_METHOD_MATCH = YES;
				"CODE_SIGN_IDENTITY[sdk=iphoneos*]" = "iPhone Developer";
				COPY_PHASE_STRIP = NO;
				DEBUG_INFORMATION_FORMAT = "dwarf-with-dsym";
				ENABLE_NS_ASSERTIONS = NO;
				ENABLE_STRICT_OBJC_MSGSEND = YES;
				GCC_C_LANGUAGE_STANDARD = gnu99;
				GCC_NO_COMMON_BLOCKS = YES;
				GCC_WARN_64_TO_32_BIT_CONVERSION = YES;
				GCC_WARN_ABOUT_RETURN_TYPE = YES_ERROR;
				GCC_WARN_UNDECLARED_SELECTOR = YES;
				GCC_WARN_UNINITIALIZED_AUTOS = YES_AGGRESSIVE;
				GCC_WARN_UNUSED_FUNCTION = YES;
				GCC_WARN_UNUSED_VARIABLE = YES;
				IPHONEOS_DEPLOYMENT_TARGET = 9.0;
				MTL_ENABLE_DEBUG_INFO = NO;
				SDKROOT = iphoneos;
				TARGETED_DEVICE_FAMILY = "1,2";
				VALIDATE_PRODUCT = YES;
			};
			name = Release;
		};
		D6C61A831B9E7FE500E720F2 /* Debug */ = {
			isa = XCBuildConfiguration;
			buildSettings = {
				ASSETCATALOG_COMPILER_APPICON_NAME = AppIcon;
				INFOPLIST_FILE = OpenglVideo/Info.plist;
				IPHONEOS_DEPLOYMENT_TARGET = 8.0;
				LD_RUNPATH_SEARCH_PATHS = "$(inherited) @executable_path/Frameworks";
				PRODUCT_BUNDLE_IDENTIFIER = com.aipai.company.OpenglVideo;
				PRODUCT_NAME = "$(TARGET_NAME)";
			};
			name = Debug;
		};
		D6C61A841B9E7FE500E720F2 /* Release */ = {
			isa = XCBuildConfiguration;
			buildSettings = {
				ASSETCATALOG_COMPILER_APPICON_NAME = AppIcon;
				INFOPLIST_FILE = OpenglVideo/Info.plist;
				IPHONEOS_DEPLOYMENT_TARGET = 8.0;
				LD_RUNPATH_SEARCH_PATHS = "$(inherited) @executable_path/Frameworks";
				PRODUCT_BUNDLE_IDENTIFIER = com.aipai.company.OpenglVideo;
				PRODUCT_NAME = "$(TARGET_NAME)";
			};
			name = Release;
		};
/* End XCBuildConfiguration section */

/* Begin XCConfigurationList section */
		D6C61A661B9E7FE500E720F2 /* Build configuration list for PBXProject "OpenglVideo" */ = {
			isa = XCConfigurationList;
			buildConfigurations = (
				D6C61A801B9E7FE500E720F2 /* Debug */,
				D6C61A811B9E7FE500E720F2 /* Release */,
			);
			defaultConfigurationIsVisible = 0;
			defaultConfigurationName = Release;
		};
		D6C61A821B9E7FE500E720F2 /* Build configuration list for PBXNativeTarget "OpenglVideo" */ = {
			isa = XCConfigurationList;
			buildConfigurations = (
				D6C61A831B9E7FE500E720F2 /* Debug */,
				D6C61A841B9E7FE500E720F2 /* Release */,
			);
			defaultConfigurationIsVisible = 0;
			defaultConfigurationName = Release;
		};
/* End XCConfigurationList section */
	};
	rootObject = D6C61A631B9E7FE500E720F2 /* Project object */;
}
